// !$*UTF8*$!
{
	archiveVersion = 1;
	classes = {
	};
	objectVersion = 46;
	objects = {

/* Begin PBXBuildFile section */
		B23C27C2176A16FD001837B4 /* UIKit.framework in Frameworks */ = {isa = PBXBuildFile; fileRef = B23C27C1176A16FD001837B4 /* UIKit.framework */; };
		B23C27C4176A16FD001837B4 /* Foundation.framework in Frameworks */ = {isa = PBXBuildFile; fileRef = B23C27C3176A16FD001837B4 /* Foundation.framework */; };
		B23C27C6176A16FD001837B4 /* CoreGraphics.framework in Frameworks */ = {isa = PBXBuildFile; fileRef = B23C27C5176A16FD001837B4 /* CoreGraphics.framework */; };
		B23C27CC176A16FD001837B4 /* InfoPlist.strings in Resources */ = {isa = PBXBuildFile; fileRef = B23C27CA176A16FD001837B4 /* InfoPlist.strings */; };
		B23C27D4176A16FD001837B4 /* Default.png in Resources */ = {isa = PBXBuildFile; fileRef = B23C27D3176A16FD001837B4 /* Default.png */; };
		B23C27D6176A16FD001837B4 /* Default@2x.png in Resources */ = {isa = PBXBuildFile; fileRef = B23C27D5176A16FD001837B4 /* Default@2x.png */; };
		B23C27D8176A16FD001837B4 /* Default-568h@2x.png in Resources */ = {isa = PBXBuildFile; fileRef = B23C27D7176A16FD001837B4 /* Default-568h@2x.png */; };
		B23C27DB176A16FD001837B4 /* MainStoryboard.storyboard in Resources */ = {isa = PBXBuildFile; fileRef = B23C27D9176A16FD001837B4 /* MainStoryboard.storyboard */; };
		B23C27F4176A1C6F001837B4 /* photo_5.jpg in Resources */ = {isa = PBXBuildFile; fileRef = B23C27ED176A1C6F001837B4 /* photo_5.jpg */; };
		B23C27F5176A1C6F001837B4 /* photo_6.jpg in Resources */ = {isa = PBXBuildFile; fileRef = B23C27EE176A1C6F001837B4 /* photo_6.jpg */; };
		B23C27F6176A1C6F001837B4 /* photo_3.jpg in Resources */ = {isa = PBXBuildFile; fileRef = B23C27EF176A1C6F001837B4 /* photo_3.jpg */; };
		B23C27F7176A1C6F001837B4 /* photo_2.jpg in Resources */ = {isa = PBXBuildFile; fileRef = B23C27F0176A1C6F001837B4 /* photo_2.jpg */; };
		B23C27F8176A1C6F001837B4 /* photo_1.jpg in Resources */ = {isa = PBXBuildFile; fileRef = B23C27F1176A1C6F001837B4 /* photo_1.jpg */; };
		B23C27F9176A1C6F001837B4 /* photo_4.jpg in Resources */ = {isa = PBXBuildFile; fileRef = B23C27F2176A1C6F001837B4 /* photo_4.jpg */; };
		B23C27FA176A1C6F001837B4 /* photo_0.jpg in Resources */ = {isa = PBXBuildFile; fileRef = B23C27F3176A1C6F001837B4 /* photo_0.jpg */; };
		B24F0B911773184400769CF3 /* magnify-mask@2x.png in Resources */ = {isa = PBXBuildFile; fileRef = B24F0B8F1773184400769CF3 /* magnify-mask@2x.png */; };
		B24F0B921773184400769CF3 /* magnify@2x.png in Resources */ = {isa = PBXBuildFile; fileRef = B24F0B901773184400769CF3 /* magnify@2x.png */; };
		B2A8780E176F8CF5002059D6 /* target.png in Resources */ = {isa = PBXBuildFile; fileRef = B2A8780C176F8CF5002059D6 /* target.png */; };
		B2A8780F176F8CF5002059D6 /* target.xcf in Resources */ = {isa = PBXBuildFile; fileRef = B2A8780D176F8CF5002059D6 /* target.xcf */; };
		B2A878131770A495002059D6 /* ImageIO.framework in Frameworks */ = {isa = PBXBuildFile; fileRef = B2A878121770A495002059D6 /* ImageIO.framework */; };
		B2A878151770A49C002059D6 /* AVFoundation.framework in Frameworks */ = {isa = PBXBuildFile; fileRef = B2A878141770A49C002059D6 /* AVFoundation.framework */; };
		B2A878171770A4A7002059D6 /* CoreVideo.framework in Frameworks */ = {isa = PBXBuildFile; fileRef = B2A878161770A4A7002059D6 /* CoreVideo.framework */; };
		B2A878191770A4AD002059D6 /* CoreMedia.framework in Frameworks */ = {isa = PBXBuildFile; fileRef = B2A878181770A4AD002059D6 /* CoreMedia.framework */; };
		B2A8781B1770A4B6002059D6 /* QuartzCore.framework in Frameworks */ = {isa = PBXBuildFile; fileRef = B2A8781A1770A4B6002059D6 /* QuartzCore.framework */; };
		B2B2F99C1866B9E6000CA134 /* libPhotoKifuCore.a in Frameworks */ = {isa = PBXBuildFile; fileRef = B2B2F99B1866B9E6000CA134 /* libPhotoKifuCore.a */; };
		B2B338D7187426280075CF8C /* PKStones.m in Sources */ = {isa = PBXBuildFile; fileRef = B2B338D6187426280075CF8C /* PKStones.m */; };
		B2B338ED1875A9C40075CF8C /* Images.xcassets in Resources */ = {isa = PBXBuildFile; fileRef = B2B338EC1875A9C40075CF8C /* Images.xcassets */; };
		B2B3390B1875AEB00075CF8C /* Icon-40.png in Resources */ = {isa = PBXBuildFile; fileRef = B2B338FA1875AEB00075CF8C /* Icon-40.png */; };
		B2B3390C1875AEB00075CF8C /* Icon-40@2x.png in Resources */ = {isa = PBXBuildFile; fileRef = B2B338FB1875AEB00075CF8C /* Icon-40@2x.png */; };
		B2B3390D1875AEB00075CF8C /* Icon-60@2x.png in Resources */ = {isa = PBXBuildFile; fileRef = B2B338FC1875AEB00075CF8C /* Icon-60@2x.png */; };
		B2B3390E1875AEB00075CF8C /* Icon-72.png in Resources */ = {isa = PBXBuildFile; fileRef = B2B338FD1875AEB00075CF8C /* Icon-72.png */; };
		B2B3390F1875AEB00075CF8C /* Icon-72@2x.png in Resources */ = {isa = PBXBuildFile; fileRef = B2B338FE1875AEB00075CF8C /* Icon-72@2x.png */; };
		B2B339101875AEB00075CF8C /* Icon-76.png in Resources */ = {isa = PBXBuildFile; fileRef = B2B338FF1875AEB00075CF8C /* Icon-76.png */; };
		B2B339111875AEB00075CF8C /* Icon-76@2x.png in Resources */ = {isa = PBXBuildFile; fileRef = B2B339001875AEB00075CF8C /* Icon-76@2x.png */; };
		B2B339121875AEB00075CF8C /* Icon-120.png in Resources */ = {isa = PBXBuildFile; fileRef = B2B339011875AEB00075CF8C /* Icon-120.png */; };
		B2B339131875AEB00075CF8C /* Icon-152.png in Resources */ = {isa = PBXBuildFile; fileRef = B2B339021875AEB00075CF8C /* Icon-152.png */; };
		B2B339141875AEB00075CF8C /* Icon-Small-50.png in Resources */ = {isa = PBXBuildFile; fileRef = B2B339031875AEB00075CF8C /* Icon-Small-50.png */; };
		B2B339151875AEB00075CF8C /* Icon-Small-50@2x.png in Resources */ = {isa = PBXBuildFile; fileRef = B2B339041875AEB00075CF8C /* Icon-Small-50@2x.png */; };
		B2B339161875AEB00075CF8C /* Icon-Small.png in Resources */ = {isa = PBXBuildFile; fileRef = B2B339051875AEB00075CF8C /* Icon-Small.png */; };
		B2B339171875AEB00075CF8C /* Icon-Small@2x.png in Resources */ = {isa = PBXBuildFile; fileRef = B2B339061875AEB00075CF8C /* Icon-Small@2x.png */; };
		B2B339181875AEB00075CF8C /* Icon.png in Resources */ = {isa = PBXBuildFile; fileRef = B2B339071875AEB00075CF8C /* Icon.png */; };
		B2B339191875AEB00075CF8C /* Icon@2x.png in Resources */ = {isa = PBXBuildFile; fileRef = B2B339081875AEB00075CF8C /* Icon@2x.png */; };
		B2B3391A1875AEB00075CF8C /* iTunesArtwork in Resources */ = {isa = PBXBuildFile; fileRef = B2B339091875AEB00075CF8C /* iTunesArtwork */; };
		B2B3391B1875AEB00075CF8C /* iTunesArtwork@2x in Resources */ = {isa = PBXBuildFile; fileRef = B2B3390A1875AEB00075CF8C /* iTunesArtwork@2x */; };
		B2B7370417C728E100283DFE /* opencv2.framework in Frameworks */ = {isa = PBXBuildFile; fileRef = B2B7370317C728E100283DFE /* opencv2.framework */; };
		B2B7370517C72AB500283DFE /* GobanScanData.m in Sources */ = {isa = PBXBuildFile; fileRef = B23C27EA176A1839001837B4 /* GobanScanData.m */; };
		B2B7370617C72AB500283DFE /* AppDelegate.m in Sources */ = {isa = PBXBuildFile; fileRef = B23C27D1176A16FD001837B4 /* AppDelegate.m */; };
		B2B7370717C72AB500283DFE /* MasterViewController.m in Sources */ = {isa = PBXBuildFile; fileRef = B23C27DD176A16FD001837B4 /* MasterViewController.m */; };
		B2B7370817C72AB500283DFE /* DetailViewController.mm in Sources */ = {isa = PBXBuildFile; fileRef = B23C27E0176A16FD001837B4 /* DetailViewController.mm */; };
		B2B7370917C72AB500283DFE /* UIDynamicPolygonView.mm in Sources */ = {isa = PBXBuildFile; fileRef = B23C27FE176A986A001837B4 /* UIDynamicPolygonView.mm */; };
		B2B7370A17C72AB500283DFE /* MagnifierView.mm in Sources */ = {isa = PBXBuildFile; fileRef = B24F0B8D177317B100769CF3 /* MagnifierView.mm */; };
		B2B7370C17C72AB500283DFE /* PreviewViewController.mm in Sources */ = {isa = PBXBuildFile; fileRef = B2D66238178F2AE8001C6436 /* PreviewViewController.mm */; };
		B2B7370D17C72AB500283DFE /* GobanView.mm in Sources */ = {isa = PBXBuildFile; fileRef = B2D6623B178F2F19001C6436 /* GobanView.mm */; };
		B2B7370E17C72AB500283DFE /* main.m in Sources */ = {isa = PBXBuildFile; fileRef = B23C27CD176A16FD001837B4 /* main.m */; };
		B2B7370F17C72AB500283DFE /* Utils.m in Sources */ = {isa = PBXBuildFile; fileRef = B2D6624017944E8B001C6436 /* Utils.m */; };
		B2BD8E361871ABC500B9DDB9 /* PKGrid.m in Sources */ = {isa = PBXBuildFile; fileRef = B2BD8E351871ABC500B9DDB9 /* PKGrid.m */; };
		B2C19138186FC13D0016B072 /* DataManager.m in Sources */ = {isa = PBXBuildFile; fileRef = B2C19137186FC13D0016B072 /* DataManager.m */; };
		B2C1913B186FC89C0016B072 /* Model.xcdatamodeld in Sources */ = {isa = PBXBuildFile; fileRef = B2C19139186FC89C0016B072 /* Model.xcdatamodeld */; };
		B2C19187186FCFAF0016B072 /* CoreData.framework in Frameworks */ = {isa = PBXBuildFile; fileRef = B2C19186186FCFAF0016B072 /* CoreData.framework */; };
		B2C1918A186FD36B0016B072 /* ScanData.m in Sources */ = {isa = PBXBuildFile; fileRef = B2C19189186FD36B0016B072 /* ScanData.m */; };
		B2C1918D186FD36C0016B072 /* ScanDisplay.m in Sources */ = {isa = PBXBuildFile; fileRef = B2C1918C186FD36C0016B072 /* ScanDisplay.m */; };
		B2D6623E17909ADD001C6436 /* MessageUI.framework in Frameworks */ = {isa = PBXBuildFile; fileRef = B2D6623D17909ADD001C6436 /* MessageUI.framework */; };
		B2F0AD1E1866F3BD007B5404 /* OptionsViewController.m in Sources */ = {isa = PBXBuildFile; fileRef = B2F0AD1D1866F3BD007B5404 /* OptionsViewController.m */; };
		B2F676BD186912F000DDE56D /* arrow-down@2x.png in Resources */ = {isa = PBXBuildFile; fileRef = B2F676B7186912F000DDE56D /* arrow-down@2x.png */; };
		B2F676BE186912F000DDE56D /* envelope@2x.png in Resources */ = {isa = PBXBuildFile; fileRef = B2F676B8186912F000DDE56D /* envelope@2x.png */; };
		B2F676BF186912F000DDE56D /* options@2x.png in Resources */ = {isa = PBXBuildFile; fileRef = B2F676B9186912F000DDE56D /* options@2x.png */; };
		B2F676C0186912F000DDE56D /* action@2x.png in Resources */ = {isa = PBXBuildFile; fileRef = B2F676BA186912F000DDE56D /* action@2x.png */; };
		B2F676C1186912F000DDE56D /* refresh@2x.png in Resources */ = {isa = PBXBuildFile; fileRef = B2F676BB186912F000DDE56D /* refresh@2x.png */; };
		B2F676C2186912F000DDE56D /* tick@2x.png in Resources */ = {isa = PBXBuildFile; fileRef = B2F676BC186912F000DDE56D /* tick@2x.png */; };
		B2F676C41869580500DDE56D /* outgoing@2x.png in Resources */ = {isa = PBXBuildFile; fileRef = B2F676C31869580500DDE56D /* outgoing@2x.png */; };
/* End PBXBuildFile section */

/* Begin PBXFileReference section */
		B23C27BE176A16FD001837B4 /* PhotoKifu.app */ = {isa = PBXFileReference; explicitFileType = wrapper.application; includeInIndex = 0; path = PhotoKifu.app; sourceTree = BUILT_PRODUCTS_DIR; };
		B23C27C1176A16FD001837B4 /* UIKit.framework */ = {isa = PBXFileReference; lastKnownFileType = wrapper.framework; name = UIKit.framework; path = System/Library/Frameworks/UIKit.framework; sourceTree = SDKROOT; };
		B23C27C3176A16FD001837B4 /* Foundation.framework */ = {isa = PBXFileReference; lastKnownFileType = wrapper.framework; name = Foundation.framework; path = System/Library/Frameworks/Foundation.framework; sourceTree = SDKROOT; };
		B23C27C5176A16FD001837B4 /* CoreGraphics.framework */ = {isa = PBXFileReference; lastKnownFileType = wrapper.framework; name = CoreGraphics.framework; path = System/Library/Frameworks/CoreGraphics.framework; sourceTree = SDKROOT; };
		B23C27C9176A16FD001837B4 /* PhotoKifu-Info.plist */ = {isa = PBXFileReference; lastKnownFileType = text.plist.xml; path = "PhotoKifu-Info.plist"; sourceTree = "<group>"; };
		B23C27CB176A16FD001837B4 /* en */ = {isa = PBXFileReference; lastKnownFileType = text.plist.strings; name = en; path = en.lproj/InfoPlist.strings; sourceTree = "<group>"; };
		B23C27CD176A16FD001837B4 /* main.m */ = {isa = PBXFileReference; lastKnownFileType = sourcecode.c.objc; path = main.m; sourceTree = "<group>"; };
		B23C27CF176A16FD001837B4 /* PhotoKifu-Prefix.pch */ = {isa = PBXFileReference; lastKnownFileType = sourcecode.c.h; path = "PhotoKifu-Prefix.pch"; sourceTree = "<group>"; };
		B23C27D0176A16FD001837B4 /* AppDelegate.h */ = {isa = PBXFileReference; lastKnownFileType = sourcecode.c.h; path = AppDelegate.h; sourceTree = "<group>"; };
		B23C27D1176A16FD001837B4 /* AppDelegate.m */ = {isa = PBXFileReference; lastKnownFileType = sourcecode.c.objc; path = AppDelegate.m; sourceTree = "<group>"; };
		B23C27D3176A16FD001837B4 /* Default.png */ = {isa = PBXFileReference; lastKnownFileType = image.png; path = Default.png; sourceTree = "<group>"; };
		B23C27D5176A16FD001837B4 /* Default@2x.png */ = {isa = PBXFileReference; lastKnownFileType = image.png; path = "Default@2x.png"; sourceTree = "<group>"; };
		B23C27D7176A16FD001837B4 /* Default-568h@2x.png */ = {isa = PBXFileReference; lastKnownFileType = image.png; path = "Default-568h@2x.png"; sourceTree = "<group>"; };
		B23C27DA176A16FD001837B4 /* en */ = {isa = PBXFileReference; lastKnownFileType = file.storyboard; name = en; path = en.lproj/MainStoryboard.storyboard; sourceTree = "<group>"; };
		B23C27DC176A16FD001837B4 /* MasterViewController.h */ = {isa = PBXFileReference; lastKnownFileType = sourcecode.c.h; path = MasterViewController.h; sourceTree = "<group>"; };
		B23C27DD176A16FD001837B4 /* MasterViewController.m */ = {isa = PBXFileReference; lastKnownFileType = sourcecode.c.objc; path = MasterViewController.m; sourceTree = "<group>"; };
		B23C27DF176A16FD001837B4 /* DetailViewController.h */ = {isa = PBXFileReference; lastKnownFileType = sourcecode.c.h; path = DetailViewController.h; sourceTree = "<group>"; };
		B23C27E0176A16FD001837B4 /* DetailViewController.mm */ = {isa = PBXFileReference; lastKnownFileType = sourcecode.cpp.objcpp; path = DetailViewController.mm; sourceTree = "<group>"; };
		B23C27E9176A1839001837B4 /* GobanScanData.h */ = {isa = PBXFileReference; fileEncoding = 4; lastKnownFileType = sourcecode.c.h; path = GobanScanData.h; sourceTree = "<group>"; };
		B23C27EA176A1839001837B4 /* GobanScanData.m */ = {isa = PBXFileReference; fileEncoding = 4; lastKnownFileType = sourcecode.c.objc; path = GobanScanData.m; sourceTree = "<group>"; };
		B23C27ED176A1C6F001837B4 /* photo_5.jpg */ = {isa = PBXFileReference; lastKnownFileType = image.jpeg; path = photo_5.jpg; sourceTree = "<group>"; };
		B23C27EE176A1C6F001837B4 /* photo_6.jpg */ = {isa = PBXFileReference; lastKnownFileType = image.jpeg; path = photo_6.jpg; sourceTree = "<group>"; };
		B23C27EF176A1C6F001837B4 /* photo_3.jpg */ = {isa = PBXFileReference; lastKnownFileType = image.jpeg; path = photo_3.jpg; sourceTree = "<group>"; };
		B23C27F0176A1C6F001837B4 /* photo_2.jpg */ = {isa = PBXFileReference; lastKnownFileType = image.jpeg; path = photo_2.jpg; sourceTree = "<group>"; };
		B23C27F1176A1C6F001837B4 /* photo_1.jpg */ = {isa = PBXFileReference; lastKnownFileType = image.jpeg; path = photo_1.jpg; sourceTree = "<group>"; };
		B23C27F2176A1C6F001837B4 /* photo_4.jpg */ = {isa = PBXFileReference; lastKnownFileType = image.jpeg; path = photo_4.jpg; sourceTree = "<group>"; };
		B23C27F3176A1C6F001837B4 /* photo_0.jpg */ = {isa = PBXFileReference; lastKnownFileType = image.jpeg; path = photo_0.jpg; sourceTree = "<group>"; };
		B23C27FD176A986A001837B4 /* UIDynamicPolygonView.h */ = {isa = PBXFileReference; fileEncoding = 4; lastKnownFileType = sourcecode.c.h; path = UIDynamicPolygonView.h; sourceTree = "<group>"; };
		B23C27FE176A986A001837B4 /* UIDynamicPolygonView.mm */ = {isa = PBXFileReference; fileEncoding = 4; lastKnownFileType = sourcecode.cpp.objcpp; path = UIDynamicPolygonView.mm; sourceTree = "<group>"; };
		B24F0B8C177317B100769CF3 /* MagnifierView.h */ = {isa = PBXFileReference; fileEncoding = 4; lastKnownFileType = sourcecode.c.h; path = MagnifierView.h; sourceTree = "<group>"; };
		B24F0B8D177317B100769CF3 /* MagnifierView.mm */ = {isa = PBXFileReference; fileEncoding = 4; lastKnownFileType = sourcecode.cpp.objcpp; path = MagnifierView.mm; sourceTree = "<group>"; };
		B24F0B8F1773184400769CF3 /* magnify-mask@2x.png */ = {isa = PBXFileReference; lastKnownFileType = image.png; name = "magnify-mask@2x.png"; path = "PhotoKifu/Art/magnify-mask@2x.png"; sourceTree = SOURCE_ROOT; };
		B24F0B901773184400769CF3 /* magnify@2x.png */ = {isa = PBXFileReference; lastKnownFileType = image.png; name = "magnify@2x.png"; path = "PhotoKifu/Art/magnify@2x.png"; sourceTree = SOURCE_ROOT; };
		B2A8780C176F8CF5002059D6 /* target.png */ = {isa = PBXFileReference; lastKnownFileType = image.png; path = target.png; sourceTree = "<group>"; };
		B2A8780D176F8CF5002059D6 /* target.xcf */ = {isa = PBXFileReference; lastKnownFileType = file; path = target.xcf; sourceTree = "<group>"; };
		B2A878121770A495002059D6 /* ImageIO.framework */ = {isa = PBXFileReference; lastKnownFileType = wrapper.framework; name = ImageIO.framework; path = System/Library/Frameworks/ImageIO.framework; sourceTree = SDKROOT; };
		B2A878141770A49C002059D6 /* AVFoundation.framework */ = {isa = PBXFileReference; lastKnownFileType = wrapper.framework; name = AVFoundation.framework; path = System/Library/Frameworks/AVFoundation.framework; sourceTree = SDKROOT; };
		B2A878161770A4A7002059D6 /* CoreVideo.framework */ = {isa = PBXFileReference; lastKnownFileType = wrapper.framework; name = CoreVideo.framework; path = System/Library/Frameworks/CoreVideo.framework; sourceTree = SDKROOT; };
		B2A878181770A4AD002059D6 /* CoreMedia.framework */ = {isa = PBXFileReference; lastKnownFileType = wrapper.framework; name = CoreMedia.framework; path = System/Library/Frameworks/CoreMedia.framework; sourceTree = SDKROOT; };
		B2A8781A1770A4B6002059D6 /* QuartzCore.framework */ = {isa = PBXFileReference; lastKnownFileType = wrapper.framework; name = QuartzCore.framework; path = System/Library/Frameworks/QuartzCore.framework; sourceTree = SDKROOT; };
		B2A8781D1770A4CF002059D6 /* opencv2.framework */ = {isa = PBXFileReference; lastKnownFileType = wrapper.framework; path = opencv2.framework; sourceTree = "<group>"; };
		B2B2F99B1866B9E6000CA134 /* libPhotoKifuCore.a */ = {isa = PBXFileReference; lastKnownFileType = archive.ar; name = libPhotoKifuCore.a; path = "../../../../Library/Developer/Xcode/DerivedData/PhotoKifu-dwvbbkqucvmxhrgrnuudkmdejtgo/Build/Products/Debug-iphoneos/libPhotoKifuCore.a"; sourceTree = "<group>"; };
		B2B338D5187426280075CF8C /* PKStones.h */ = {isa = PBXFileReference; fileEncoding = 4; lastKnownFileType = sourcecode.c.h; path = PKStones.h; sourceTree = "<group>"; };
		B2B338D6187426280075CF8C /* PKStones.m */ = {isa = PBXFileReference; fileEncoding = 4; lastKnownFileType = sourcecode.c.objc; path = PKStones.m; sourceTree = "<group>"; };
		B2B338EC1875A9C40075CF8C /* Images.xcassets */ = {isa = PBXFileReference; lastKnownFileType = folder.assetcatalog; path = Images.xcassets; sourceTree = "<group>"; };
		B2B338FA1875AEB00075CF8C /* Icon-40.png */ = {isa = PBXFileReference; lastKnownFileType = image.png; path = "Icon-40.png"; sourceTree = "<group>"; };
		B2B338FB1875AEB00075CF8C /* Icon-40@2x.png */ = {isa = PBXFileReference; lastKnownFileType = image.png; path = "Icon-40@2x.png"; sourceTree = "<group>"; };
		B2B338FC1875AEB00075CF8C /* Icon-60@2x.png */ = {isa = PBXFileReference; lastKnownFileType = image.png; path = "Icon-60@2x.png"; sourceTree = "<group>"; };
		B2B338FD1875AEB00075CF8C /* Icon-72.png */ = {isa = PBXFileReference; lastKnownFileType = image.png; path = "Icon-72.png"; sourceTree = "<group>"; };
		B2B338FE1875AEB00075CF8C /* Icon-72@2x.png */ = {isa = PBXFileReference; lastKnownFileType = image.png; path = "Icon-72@2x.png"; sourceTree = "<group>"; };
		B2B338FF1875AEB00075CF8C /* Icon-76.png */ = {isa = PBXFileReference; lastKnownFileType = image.png; path = "Icon-76.png"; sourceTree = "<group>"; };
		B2B339001875AEB00075CF8C /* Icon-76@2x.png */ = {isa = PBXFileReference; lastKnownFileType = image.png; path = "Icon-76@2x.png"; sourceTree = "<group>"; };
		B2B339011875AEB00075CF8C /* Icon-120.png */ = {isa = PBXFileReference; lastKnownFileType = image.png; path = "Icon-120.png"; sourceTree = "<group>"; };
		B2B339021875AEB00075CF8C /* Icon-152.png */ = {isa = PBXFileReference; lastKnownFileType = image.png; path = "Icon-152.png"; sourceTree = "<group>"; };
		B2B339031875AEB00075CF8C /* Icon-Small-50.png */ = {isa = PBXFileReference; lastKnownFileType = image.png; path = "Icon-Small-50.png"; sourceTree = "<group>"; };
		B2B339041875AEB00075CF8C /* Icon-Small-50@2x.png */ = {isa = PBXFileReference; lastKnownFileType = image.png; path = "Icon-Small-50@2x.png"; sourceTree = "<group>"; };
		B2B339051875AEB00075CF8C /* Icon-Small.png */ = {isa = PBXFileReference; lastKnownFileType = image.png; path = "Icon-Small.png"; sourceTree = "<group>"; };
		B2B339061875AEB00075CF8C /* Icon-Small@2x.png */ = {isa = PBXFileReference; lastKnownFileType = image.png; path = "Icon-Small@2x.png"; sourceTree = "<group>"; };
		B2B339071875AEB00075CF8C /* Icon.png */ = {isa = PBXFileReference; lastKnownFileType = image.png; path = Icon.png; sourceTree = "<group>"; };
		B2B339081875AEB00075CF8C /* Icon@2x.png */ = {isa = PBXFileReference; lastKnownFileType = image.png; path = "Icon@2x.png"; sourceTree = "<group>"; };
		B2B339091875AEB00075CF8C /* iTunesArtwork */ = {isa = PBXFileReference; lastKnownFileType = file; path = iTunesArtwork; sourceTree = "<group>"; };
		B2B3390A1875AEB00075CF8C /* iTunesArtwork@2x */ = {isa = PBXFileReference; lastKnownFileType = file; path = "iTunesArtwork@2x"; sourceTree = "<group>"; };
		B2B7370317C728E100283DFE /* opencv2.framework */ = {isa = PBXFileReference; lastKnownFileType = wrapper.framework; name = opencv2.framework; path = "../xcode frameworks/opencv2.framework"; sourceTree = "<group>"; };
		B2B7371217C72B2000283DFE /* libPhotoKifuCore.a */ = {isa = PBXFileReference; lastKnownFileType = archive.ar; name = libPhotoKifuCore.a; path = "../PhotoKifuCore/build/Release-iphoneos/libPhotoKifuCore.a"; sourceTree = "<group>"; };
		B2BD8E341871ABC500B9DDB9 /* PKGrid.h */ = {isa = PBXFileReference; fileEncoding = 4; lastKnownFileType = sourcecode.c.h; path = PKGrid.h; sourceTree = "<group>"; };
		B2BD8E351871ABC500B9DDB9 /* PKGrid.m */ = {isa = PBXFileReference; fileEncoding = 4; lastKnownFileType = sourcecode.c.objc; path = PKGrid.m; sourceTree = "<group>"; };
		B2C19133186FBEF70016B072 /* CommonMacros.h */ = {isa = PBXFileReference; fileEncoding = 4; lastKnownFileType = sourcecode.c.h; path = CommonMacros.h; sourceTree = "<group>"; };
		B2C19136186FC13D0016B072 /* DataManager.h */ = {isa = PBXFileReference; fileEncoding = 4; lastKnownFileType = sourcecode.c.h; path = DataManager.h; sourceTree = "<group>"; };
		B2C19137186FC13D0016B072 /* DataManager.m */ = {isa = PBXFileReference; fileEncoding = 4; lastKnownFileType = sourcecode.c.objc; path = DataManager.m; sourceTree = "<group>"; };
		B2C1913A186FC89C0016B072 /* Model.xcdatamodel */ = {isa = PBXFileReference; lastKnownFileType = wrapper.xcdatamodel; path = Model.xcdatamodel; sourceTree = "<group>"; };
		B2C19186186FCFAF0016B072 /* CoreData.framework */ = {isa = PBXFileReference; lastKnownFileType = wrapper.framework; name = CoreData.framework; path = System/Library/Frameworks/CoreData.framework; sourceTree = SDKROOT; };
		B2C19188186FD36B0016B072 /* ScanData.h */ = {isa = PBXFileReference; fileEncoding = 4; lastKnownFileType = sourcecode.c.h; path = ScanData.h; sourceTree = "<group>"; };
		B2C19189186FD36B0016B072 /* ScanData.m */ = {isa = PBXFileReference; fileEncoding = 4; lastKnownFileType = sourcecode.c.objc; path = ScanData.m; sourceTree = "<group>"; };
		B2C1918B186FD36C0016B072 /* ScanDisplay.h */ = {isa = PBXFileReference; fileEncoding = 4; lastKnownFileType = sourcecode.c.h; path = ScanDisplay.h; sourceTree = "<group>"; };
		B2C1918C186FD36C0016B072 /* ScanDisplay.m */ = {isa = PBXFileReference; fileEncoding = 4; lastKnownFileType = sourcecode.c.objc; path = ScanDisplay.m; sourceTree = "<group>"; };
		B2D66237178F2AE8001C6436 /* PreviewViewController.h */ = {isa = PBXFileReference; fileEncoding = 4; lastKnownFileType = sourcecode.c.h; path = PreviewViewController.h; sourceTree = "<group>"; };
		B2D66238178F2AE8001C6436 /* PreviewViewController.mm */ = {isa = PBXFileReference; fileEncoding = 4; lastKnownFileType = sourcecode.cpp.objcpp; path = PreviewViewController.mm; sourceTree = "<group>"; };
		B2D6623A178F2F19001C6436 /* GobanView.h */ = {isa = PBXFileReference; fileEncoding = 4; lastKnownFileType = sourcecode.c.h; path = GobanView.h; sourceTree = "<group>"; };
		B2D6623B178F2F19001C6436 /* GobanView.mm */ = {isa = PBXFileReference; fileEncoding = 4; lastKnownFileType = sourcecode.cpp.objcpp; path = GobanView.mm; sourceTree = "<group>"; };
		B2D6623D17909ADD001C6436 /* MessageUI.framework */ = {isa = PBXFileReference; lastKnownFileType = wrapper.framework; name = MessageUI.framework; path = System/Library/Frameworks/MessageUI.framework; sourceTree = SDKROOT; };
		B2D6623F17944E8B001C6436 /* Utils.h */ = {isa = PBXFileReference; fileEncoding = 4; lastKnownFileType = sourcecode.c.h; path = Utils.h; sourceTree = "<group>"; };
		B2D6624017944E8B001C6436 /* Utils.m */ = {isa = PBXFileReference; fileEncoding = 4; lastKnownFileType = sourcecode.c.objc; path = Utils.m; sourceTree = "<group>"; };
		B2F0AD1C1866F3BD007B5404 /* OptionsViewController.h */ = {isa = PBXFileReference; fileEncoding = 4; lastKnownFileType = sourcecode.c.h; path = OptionsViewController.h; sourceTree = "<group>"; };
		B2F0AD1D1866F3BD007B5404 /* OptionsViewController.m */ = {isa = PBXFileReference; fileEncoding = 4; lastKnownFileType = sourcecode.c.objc; path = OptionsViewController.m; sourceTree = "<group>"; };
		B2F676B7186912F000DDE56D /* arrow-down@2x.png */ = {isa = PBXFileReference; lastKnownFileType = image.png; path = "arrow-down@2x.png"; sourceTree = "<group>"; };
		B2F676B8186912F000DDE56D /* envelope@2x.png */ = {isa = PBXFileReference; lastKnownFileType = image.png; path = "envelope@2x.png"; sourceTree = "<group>"; };
		B2F676B9186912F000DDE56D /* options@2x.png */ = {isa = PBXFileReference; lastKnownFileType = image.png; path = "options@2x.png"; sourceTree = "<group>"; };
		B2F676BA186912F000DDE56D /* action@2x.png */ = {isa = PBXFileReference; lastKnownFileType = image.png; path = "action@2x.png"; sourceTree = "<group>"; };
		B2F676BB186912F000DDE56D /* refresh@2x.png */ = {isa = PBXFileReference; lastKnownFileType = image.png; path = "refresh@2x.png"; sourceTree = "<group>"; };
		B2F676BC186912F000DDE56D /* tick@2x.png */ = {isa = PBXFileReference; lastKnownFileType = image.png; path = "tick@2x.png"; sourceTree = "<group>"; };
		B2F676C31869580500DDE56D /* outgoing@2x.png */ = {isa = PBXFileReference; lastKnownFileType = image.png; path = "outgoing@2x.png"; sourceTree = "<group>"; };
/* End PBXFileReference section */

/* Begin PBXFrameworksBuildPhase section */
		B23C27BB176A16FD001837B4 /* Frameworks */ = {
			isa = PBXFrameworksBuildPhase;
			buildActionMask = 2147483647;
			files = (
				B2C19187186FCFAF0016B072 /* CoreData.framework in Frameworks */,
				B2B2F99C1866B9E6000CA134 /* libPhotoKifuCore.a in Frameworks */,
				B2B7370417C728E100283DFE /* opencv2.framework in Frameworks */,
				B2D6623E17909ADD001C6436 /* MessageUI.framework in Frameworks */,
				B2A8781B1770A4B6002059D6 /* QuartzCore.framework in Frameworks */,
				B2A878191770A4AD002059D6 /* CoreMedia.framework in Frameworks */,
				B2A878171770A4A7002059D6 /* CoreVideo.framework in Frameworks */,
				B2A878151770A49C002059D6 /* AVFoundation.framework in Frameworks */,
				B2A878131770A495002059D6 /* ImageIO.framework in Frameworks */,
				B23C27C2176A16FD001837B4 /* UIKit.framework in Frameworks */,
				B23C27C4176A16FD001837B4 /* Foundation.framework in Frameworks */,
				B23C27C6176A16FD001837B4 /* CoreGraphics.framework in Frameworks */,
			);
			runOnlyForDeploymentPostprocessing = 0;
		};
/* End PBXFrameworksBuildPhase section */

/* Begin PBXGroup section */
		B23C27B5176A16FD001837B4 = {
			isa = PBXGroup;
			children = (
				B2B338FA1875AEB00075CF8C /* Icon-40.png */,
				B2B338FB1875AEB00075CF8C /* Icon-40@2x.png */,
				B2B338FC1875AEB00075CF8C /* Icon-60@2x.png */,
				B2B338FD1875AEB00075CF8C /* Icon-72.png */,
				B2B338FE1875AEB00075CF8C /* Icon-72@2x.png */,
				B2B338FF1875AEB00075CF8C /* Icon-76.png */,
				B2B339001875AEB00075CF8C /* Icon-76@2x.png */,
				B2B339011875AEB00075CF8C /* Icon-120.png */,
				B2B339021875AEB00075CF8C /* Icon-152.png */,
				B2B339031875AEB00075CF8C /* Icon-Small-50.png */,
				B2B339041875AEB00075CF8C /* Icon-Small-50@2x.png */,
				B2B339051875AEB00075CF8C /* Icon-Small.png */,
				B2B339061875AEB00075CF8C /* Icon-Small@2x.png */,
				B2B339071875AEB00075CF8C /* Icon.png */,
				B2B339081875AEB00075CF8C /* Icon@2x.png */,
				B2B339091875AEB00075CF8C /* iTunesArtwork */,
				B2B3390A1875AEB00075CF8C /* iTunesArtwork@2x */,
				B2B7371217C72B2000283DFE /* libPhotoKifuCore.a */,
				B2A8781C1770A4CF002059D6 /* xcode frameworks */,
				B23C27C7176A16FD001837B4 /* PhotoKifu */,
				B23C27C0176A16FD001837B4 /* Frameworks */,
				B23C27BF176A16FD001837B4 /* Products */,
			);
			sourceTree = "<group>";
		};
		B23C27BF176A16FD001837B4 /* Products */ = {
			isa = PBXGroup;
			children = (
				B23C27BE176A16FD001837B4 /* PhotoKifu.app */,
			);
			name = Products;
			sourceTree = "<group>";
		};
		B23C27C0176A16FD001837B4 /* Frameworks */ = {
			isa = PBXGroup;
			children = (
				B2C19186186FCFAF0016B072 /* CoreData.framework */,
				B2B2F99B1866B9E6000CA134 /* libPhotoKifuCore.a */,
				B2A8781A1770A4B6002059D6 /* QuartzCore.framework */,
				B2A878181770A4AD002059D6 /* CoreMedia.framework */,
				B2A878161770A4A7002059D6 /* CoreVideo.framework */,
				B2A878141770A49C002059D6 /* AVFoundation.framework */,
				B2A878121770A495002059D6 /* ImageIO.framework */,
				B2B7370317C728E100283DFE /* opencv2.framework */,
				B2D6623D17909ADD001C6436 /* MessageUI.framework */,
				B23C27C1176A16FD001837B4 /* UIKit.framework */,
				B23C27C3176A16FD001837B4 /* Foundation.framework */,
				B23C27C5176A16FD001837B4 /* CoreGraphics.framework */,
			);
			name = Frameworks;
			sourceTree = "<group>";
		};
		B23C27C7176A16FD001837B4 /* PhotoKifu */ = {
			isa = PBXGroup;
			children = (
				B2A8780B176F8CF5002059D6 /* Art */,
				B27A15EF17C77CED003AA083 /* photos */,
				B23C27E8176A17C0001837B4 /* Model */,
				B23C27E7176A17A0001837B4 /* UI */,
				B23C27C8176A16FD001837B4 /* Supporting Files */,
				B2D6623F17944E8B001C6436 /* Utils.h */,
				B2D6624017944E8B001C6436 /* Utils.m */,
				B2C19133186FBEF70016B072 /* CommonMacros.h */,
				B2B338EC1875A9C40075CF8C /* Images.xcassets */,
			);
			path = PhotoKifu;
			sourceTree = "<group>";
		};
		B23C27C8176A16FD001837B4 /* Supporting Files */ = {
			isa = PBXGroup;
			children = (
				B23C27C9176A16FD001837B4 /* PhotoKifu-Info.plist */,
				B23C27CA176A16FD001837B4 /* InfoPlist.strings */,
				B23C27CD176A16FD001837B4 /* main.m */,
				B23C27CF176A16FD001837B4 /* PhotoKifu-Prefix.pch */,
				B23C27D3176A16FD001837B4 /* Default.png */,
				B23C27D5176A16FD001837B4 /* Default@2x.png */,
				B23C27D7176A16FD001837B4 /* Default-568h@2x.png */,
			);
			name = "Supporting Files";
			sourceTree = "<group>";
		};
		B23C27E7176A17A0001837B4 /* UI */ = {
			isa = PBXGroup;
			children = (
				B23C27D0176A16FD001837B4 /* AppDelegate.h */,
				B23C27D1176A16FD001837B4 /* AppDelegate.m */,
				B23C27D9176A16FD001837B4 /* MainStoryboard.storyboard */,
				B23C27DC176A16FD001837B4 /* MasterViewController.h */,
				B23C27DD176A16FD001837B4 /* MasterViewController.m */,
				B23C27DF176A16FD001837B4 /* DetailViewController.h */,
				B23C27E0176A16FD001837B4 /* DetailViewController.mm */,
				B23C27FD176A986A001837B4 /* UIDynamicPolygonView.h */,
				B23C27FE176A986A001837B4 /* UIDynamicPolygonView.mm */,
				B24F0B8C177317B100769CF3 /* MagnifierView.h */,
				B24F0B8D177317B100769CF3 /* MagnifierView.mm */,
				B2D66237178F2AE8001C6436 /* PreviewViewController.h */,
				B2D66238178F2AE8001C6436 /* PreviewViewController.mm */,
				B2D6623A178F2F19001C6436 /* GobanView.h */,
				B2D6623B178F2F19001C6436 /* GobanView.mm */,
				B2F0AD1C1866F3BD007B5404 /* OptionsViewController.h */,
				B2F0AD1D1866F3BD007B5404 /* OptionsViewController.m */,
			);
			name = UI;
			sourceTree = "<group>";
		};
		B23C27E8176A17C0001837B4 /* Model */ = {
			isa = PBXGroup;
			children = (
				B23C27E9176A1839001837B4 /* GobanScanData.h */,
				B23C27EA176A1839001837B4 /* GobanScanData.m */,
				B2C19136186FC13D0016B072 /* DataManager.h */,
				B2C19137186FC13D0016B072 /* DataManager.m */,
				B2C19139186FC89C0016B072 /* Model.xcdatamodeld */,
				B2C1918B186FD36C0016B072 /* ScanDisplay.h */,
				B2C1918C186FD36C0016B072 /* ScanDisplay.m */,
				B2C19188186FD36B0016B072 /* ScanData.h */,
				B2C19189186FD36B0016B072 /* ScanData.m */,
				B2BD8E341871ABC500B9DDB9 /* PKGrid.h */,
				B2BD8E351871ABC500B9DDB9 /* PKGrid.m */,
				B2B338D5187426280075CF8C /* PKStones.h */,
				B2B338D6187426280075CF8C /* PKStones.m */,
			);
			name = Model;
			sourceTree = "<group>";
		};
		B27A15EF17C77CED003AA083 /* photos */ = {
			isa = PBXGroup;
			children = (
				B23C27ED176A1C6F001837B4 /* photo_5.jpg */,
				B23C27EE176A1C6F001837B4 /* photo_6.jpg */,
				B23C27EF176A1C6F001837B4 /* photo_3.jpg */,
				B23C27F0176A1C6F001837B4 /* photo_2.jpg */,
				B23C27F1176A1C6F001837B4 /* photo_1.jpg */,
				B23C27F2176A1C6F001837B4 /* photo_4.jpg */,
				B23C27F3176A1C6F001837B4 /* photo_0.jpg */,
			);
			name = photos;
			sourceTree = "<group>";
		};
		B2A8780B176F8CF5002059D6 /* Art */ = {
			isa = PBXGroup;
			children = (
				B2F676C31869580500DDE56D /* outgoing@2x.png */,
				B2F676B7186912F000DDE56D /* arrow-down@2x.png */,
				B2F676B8186912F000DDE56D /* envelope@2x.png */,
				B2F676B9186912F000DDE56D /* options@2x.png */,
				B2F676BA186912F000DDE56D /* action@2x.png */,
				B2F676BB186912F000DDE56D /* refresh@2x.png */,
				B2F676BC186912F000DDE56D /* tick@2x.png */,
				B24F0B8F1773184400769CF3 /* magnify-mask@2x.png */,
				B24F0B901773184400769CF3 /* magnify@2x.png */,
				B2A8780C176F8CF5002059D6 /* target.png */,
				B2A8780D176F8CF5002059D6 /* target.xcf */,
			);
			path = Art;
			sourceTree = "<group>";
		};
		B2A8781C1770A4CF002059D6 /* xcode frameworks */ = {
			isa = PBXGroup;
			children = (
				B2A8781D1770A4CF002059D6 /* opencv2.framework */,
			);
			name = "xcode frameworks";
			path = "../xcode frameworks";
			sourceTree = "<group>";
		};
/* End PBXGroup section */

/* Begin PBXNativeTarget section */
		B23C27BD176A16FD001837B4 /* PhotoKifu */ = {
			isa = PBXNativeTarget;
			buildConfigurationList = B23C27E4176A16FD001837B4 /* Build configuration list for PBXNativeTarget "PhotoKifu" */;
			buildPhases = (
				B23C27BA176A16FD001837B4 /* Sources */,
				B23C27BB176A16FD001837B4 /* Frameworks */,
				B23C27BC176A16FD001837B4 /* Resources */,
			);
			buildRules = (
			);
			dependencies = (
			);
			name = PhotoKifu;
			productName = PhotoKifu2;
			productReference = B23C27BE176A16FD001837B4 /* PhotoKifu.app */;
			productType = "com.apple.product-type.application";
		};
/* End PBXNativeTarget section */

/* Begin PBXProject section */
		B23C27B6176A16FD001837B4 /* Project object */ = {
			isa = PBXProject;
			attributes = {
				LastUpgradeCheck = 0460;
				ORGANIZATIONNAME = "Francois Beaussier";
			};
			buildConfigurationList = B23C27B9176A16FD001837B4 /* Build configuration list for PBXProject "PhotoKifu" */;
			compatibilityVersion = "Xcode 3.2";
			developmentRegion = English;
			hasScannedForEncodings = 0;
			knownRegions = (
				en,
			);
			mainGroup = B23C27B5176A16FD001837B4;
			productRefGroup = B23C27BF176A16FD001837B4 /* Products */;
			projectDirPath = "";
			projectRoot = "";
			targets = (
				B23C27BD176A16FD001837B4 /* PhotoKifu */,
			);
		};
/* End PBXProject section */

/* Begin PBXResourcesBuildPhase section */
		B23C27BC176A16FD001837B4 /* Resources */ = {
			isa = PBXResourcesBuildPhase;
			buildActionMask = 2147483647;
			files = (
				B23C27CC176A16FD001837B4 /* InfoPlist.strings in Resources */,
				B2B339191875AEB00075CF8C /* Icon@2x.png in Resources */,
				B23C27D4176A16FD001837B4 /* Default.png in Resources */,
				B2B339151875AEB00075CF8C /* Icon-Small-50@2x.png in Resources */,
				B2F676C2186912F000DDE56D /* tick@2x.png in Resources */,
				B2F676C0186912F000DDE56D /* action@2x.png in Resources */,
				B23C27D6176A16FD001837B4 /* Default@2x.png in Resources */,
				B2B339171875AEB00075CF8C /* Icon-Small@2x.png in Resources */,
				B2B3390E1875AEB00075CF8C /* Icon-72.png in Resources */,
				B2F676BE186912F000DDE56D /* envelope@2x.png in Resources */,
				B2B339161875AEB00075CF8C /* Icon-Small.png in Resources */,
				B2B339181875AEB00075CF8C /* Icon.png in Resources */,
				B2B338ED1875A9C40075CF8C /* Images.xcassets in Resources */,
				B2B339121875AEB00075CF8C /* Icon-120.png in Resources */,
				B23C27D8176A16FD001837B4 /* Default-568h@2x.png in Resources */,
				B2F676BD186912F000DDE56D /* arrow-down@2x.png in Resources */,
				B2B339141875AEB00075CF8C /* Icon-Small-50.png in Resources */,
				B2B3391B1875AEB00075CF8C /* iTunesArtwork@2x in Resources */,
				B2B3390C1875AEB00075CF8C /* Icon-40@2x.png in Resources */,
				B23C27DB176A16FD001837B4 /* MainStoryboard.storyboard in Resources */,
				B2B339111875AEB00075CF8C /* Icon-76@2x.png in Resources */,
				B2F676BF186912F000DDE56D /* options@2x.png in Resources */,
				B23C27F4176A1C6F001837B4 /* photo_5.jpg in Resources */,
				B2F676C1186912F000DDE56D /* refresh@2x.png in Resources */,
				B2B3391A1875AEB00075CF8C /* iTunesArtwork in Resources */,
				B2B3390D1875AEB00075CF8C /* Icon-60@2x.png in Resources */,
				B23C27F5176A1C6F001837B4 /* photo_6.jpg in Resources */,
				B2B339131875AEB00075CF8C /* Icon-152.png in Resources */,
				B2B339101875AEB00075CF8C /* Icon-76.png in Resources */,
				B23C27F6176A1C6F001837B4 /* photo_3.jpg in Resources */,
				B2F676C41869580500DDE56D /* outgoing@2x.png in Resources */,
				B2B3390F1875AEB00075CF8C /* Icon-72@2x.png in Resources */,
				B23C27F7176A1C6F001837B4 /* photo_2.jpg in Resources */,
				B23C27F8176A1C6F001837B4 /* photo_1.jpg in Resources */,
				B23C27F9176A1C6F001837B4 /* photo_4.jpg in Resources */,
				B23C27FA176A1C6F001837B4 /* photo_0.jpg in Resources */,
				B2A8780E176F8CF5002059D6 /* target.png in Resources */,
				B2A8780F176F8CF5002059D6 /* target.xcf in Resources */,
				B24F0B911773184400769CF3 /* magnify-mask@2x.png in Resources */,
				B24F0B921773184400769CF3 /* magnify@2x.png in Resources */,
				B2B3390B1875AEB00075CF8C /* Icon-40.png in Resources */,
			);
			runOnlyForDeploymentPostprocessing = 0;
		};
/* End PBXResourcesBuildPhase section */

/* Begin PBXSourcesBuildPhase section */
		B23C27BA176A16FD001837B4 /* Sources */ = {
			isa = PBXSourcesBuildPhase;
			buildActionMask = 2147483647;
			files = (
				B2B7370517C72AB500283DFE /* GobanScanData.m in Sources */,
				B2B338D7187426280075CF8C /* PKStones.m in Sources */,
				B2C19138186FC13D0016B072 /* DataManager.m in Sources */,
				B2B7370617C72AB500283DFE /* AppDelegate.m in Sources */,
				B2B7370717C72AB500283DFE /* MasterViewController.m in Sources */,
				B2BD8E361871ABC500B9DDB9 /* PKGrid.m in Sources */,
				B2B7370817C72AB500283DFE /* DetailViewController.mm in Sources */,
				B2B7370917C72AB500283DFE /* UIDynamicPolygonView.mm in Sources */,
				B2C1918D186FD36C0016B072 /* ScanDisplay.m in Sources */,
				B2B7370A17C72AB500283DFE /* MagnifierView.mm in Sources */,
				B2B7370C17C72AB500283DFE /* PreviewViewController.mm in Sources */,
				B2C1918A186FD36B0016B072 /* ScanData.m in Sources */,
				B2B7370D17C72AB500283DFE /* GobanView.mm in Sources */,
				B2B7370E17C72AB500283DFE /* main.m in Sources */,
				B2B7370F17C72AB500283DFE /* Utils.m in Sources */,
				B2C1913B186FC89C0016B072 /* Model.xcdatamodeld in Sources */,
				B2F0AD1E1866F3BD007B5404 /* OptionsViewController.m in Sources */,
			);
			runOnlyForDeploymentPostprocessing = 0;
		};
/* End PBXSourcesBuildPhase section */

/* Begin PBXVariantGroup section */
		B23C27CA176A16FD001837B4 /* InfoPlist.strings */ = {
			isa = PBXVariantGroup;
			children = (
				B23C27CB176A16FD001837B4 /* en */,
			);
			name = InfoPlist.strings;
			sourceTree = "<group>";
		};
		B23C27D9176A16FD001837B4 /* MainStoryboard.storyboard */ = {
			isa = PBXVariantGroup;
			children = (
				B23C27DA176A16FD001837B4 /* en */,
			);
			name = MainStoryboard.storyboard;
			sourceTree = "<group>";
		};
/* End PBXVariantGroup section */

/* Begin XCBuildConfiguration section */
		B23C27E2176A16FD001837B4 /* Debug */ = {
			isa = XCBuildConfiguration;
			buildSettings = {
				ALWAYS_SEARCH_USER_PATHS = NO;
				CLANG_CXX_LANGUAGE_STANDARD = "gnu++0x";
				CLANG_CXX_LIBRARY = "libc++";
				CLANG_ENABLE_OBJC_ARC = YES;
				CLANG_WARN_CONSTANT_CONVERSION = YES;
				CLANG_WARN_EMPTY_BODY = YES;
				CLANG_WARN_ENUM_CONVERSION = YES;
				CLANG_WARN_INT_CONVERSION = YES;
				CLANG_WARN__DUPLICATE_METHOD_MATCH = YES;
				"CODE_SIGN_IDENTITY[sdk=iphoneos*]" = "iPhone Developer";
				COPY_PHASE_STRIP = NO;
				GCC_C_LANGUAGE_STANDARD = gnu99;
				GCC_DYNAMIC_NO_PIC = NO;
				GCC_OPTIMIZATION_LEVEL = 0;
				GCC_PREPROCESSOR_DEFINITIONS = (
					"DEBUG=1",
					"$(inherited)",
				);
				GCC_SYMBOLS_PRIVATE_EXTERN = NO;
				GCC_WARN_ABOUT_RETURN_TYPE = YES;
				GCC_WARN_UNINITIALIZED_AUTOS = YES;
				GCC_WARN_UNUSED_VARIABLE = YES;
				IPHONEOS_DEPLOYMENT_TARGET = 6.1;
				ONLY_ACTIVE_ARCH = YES;
				SDKROOT = iphoneos;
			};
			name = Debug;
		};
		B23C27E3176A16FD001837B4 /* Release */ = {
			isa = XCBuildConfiguration;
			buildSettings = {
				ALWAYS_SEARCH_USER_PATHS = NO;
				CLANG_CXX_LANGUAGE_STANDARD = "gnu++0x";
				CLANG_CXX_LIBRARY = "libc++";
				CLANG_ENABLE_OBJC_ARC = YES;
				CLANG_WARN_CONSTANT_CONVERSION = YES;
				CLANG_WARN_EMPTY_BODY = YES;
				CLANG_WARN_ENUM_CONVERSION = YES;
				CLANG_WARN_INT_CONVERSION = YES;
				CLANG_WARN__DUPLICATE_METHOD_MATCH = YES;
				"CODE_SIGN_IDENTITY[sdk=iphoneos*]" = "iPhone Developer";
				COPY_PHASE_STRIP = YES;
				GCC_C_LANGUAGE_STANDARD = gnu99;
				GCC_WARN_ABOUT_RETURN_TYPE = YES;
				GCC_WARN_UNINITIALIZED_AUTOS = YES;
				GCC_WARN_UNUSED_VARIABLE = YES;
				IPHONEOS_DEPLOYMENT_TARGET = 6.1;
				OTHER_CFLAGS = "-DNS_BLOCK_ASSERTIONS=1";
				SDKROOT = iphoneos;
				VALIDATE_PRODUCT = YES;
			};
			name = Release;
		};
		B23C27E5176A16FD001837B4 /* Debug */ = {
			isa = XCBuildConfiguration;
			buildSettings = {
				ALWAYS_SEARCH_USER_PATHS = YES;
				ASSETCATALOG_COMPILER_APPICON_NAME = AppIcon;
				ASSETCATALOG_COMPILER_LAUNCHIMAGE_NAME = LaunchImage;
				FRAMEWORK_SEARCH_PATHS = (
					"$(inherited)",
					"\"$(SRCROOT)/../xcode frameworks\"",
				);
				GCC_PRECOMPILE_PREFIX_HEADER = YES;
				GCC_PREFIX_HEADER = "PhotoKifu/PhotoKifu-Prefix.pch";
				HEADER_SEARCH_PATHS = "$(PROJECT_TEMP_DIR)/../UninstalledProducts/include/**";
				INFOPLIST_FILE = "PhotoKifu/PhotoKifu-Info.plist";
				LIBRARY_SEARCH_PATHS = (
					"$(inherited)",
					"$(USER_LIBRARY_DIR)/Developer/Xcode/DerivedData/PhotoKifu-dwvbbkqucvmxhrgrnuudkmdejtgo/Build/Products/Debug-iphoneos",
				);
				PRODUCT_NAME = PhotoKifu;
				USER_HEADER_SEARCH_PATHS = "$(BUILT_PRODUCTS_DIR)/**";
				WRAPPER_EXTENSION = app;
			};
			name = Debug;
		};
		B23C27E6176A16FD001837B4 /* Release */ = {
			isa = XCBuildConfiguration;
			buildSettings = {
				ALWAYS_SEARCH_USER_PATHS = YES;
				ASSETCATALOG_COMPILER_APPICON_NAME = AppIcon;
				ASSETCATALOG_COMPILER_LAUNCHIMAGE_NAME = LaunchImage;
				FRAMEWORK_SEARCH_PATHS = (
					"$(inherited)",
					"\"$(SRCROOT)/../xcode frameworks\"",
				);
				GCC_PRECOMPILE_PREFIX_HEADER = YES;
				GCC_PREFIX_HEADER = "PhotoKifu/PhotoKifu-Prefix.pch";
				HEADER_SEARCH_PATHS = "$(PROJECT_TEMP_DIR)/../UninstalledProducts/include/**";
				INFOPLIST_FILE = "PhotoKifu/PhotoKifu-Info.plist";
				LIBRARY_SEARCH_PATHS = (
					"$(inherited)",
					"$(USER_LIBRARY_DIR)/Developer/Xcode/DerivedData/PhotoKifu-dwvbbkqucvmxhrgrnuudkmdejtgo/Build/Products/Debug-iphoneos",
				);
				PRODUCT_NAME = PhotoKifu;
				USER_HEADER_SEARCH_PATHS = "$(BUILT_PRODUCTS_DIR)/**";
				WRAPPER_EXTENSION = app;
			};
			name = Release;
		};
/* End XCBuildConfiguration section */

/* Begin XCConfigurationList section */
		B23C27B9176A16FD001837B4 /* Build configuration list for PBXProject "PhotoKifu" */ = {
			isa = XCConfigurationList;
			buildConfigurations = (
				B23C27E2176A16FD001837B4 /* Debug */,
				B23C27E3176A16FD001837B4 /* Release */,
			);
			defaultConfigurationIsVisible = 0;
			defaultConfigurationName = Release;
		};
		B23C27E4176A16FD001837B4 /* Build configuration list for PBXNativeTarget "PhotoKifu" */ = {
			isa = XCConfigurationList;
			buildConfigurations = (
				B23C27E5176A16FD001837B4 /* Debug */,
				B23C27E6176A16FD001837B4 /* Release */,
			);
			defaultConfigurationIsVisible = 0;
			defaultConfigurationName = Release;
		};
/* End XCConfigurationList section */

/* Begin XCVersionGroup section */
		B2C19139186FC89C0016B072 /* Model.xcdatamodeld */ = {
			isa = XCVersionGroup;
			children = (
				B2C1913A186FC89C0016B072 /* Model.xcdatamodel */,
			);
			currentVersion = B2C1913A186FC89C0016B072 /* Model.xcdatamodel */;
			path = Model.xcdatamodeld;
			sourceTree = "<group>";
			versionGroupType = wrapper.xcdatamodel;
		};
/* End XCVersionGroup section */
	};
	rootObject = B23C27B6176A16FD001837B4 /* Project object */;
}
